// !$*UTF8*$!
{
	archiveVersion = 1;
	classes = {
	};
	objectVersion = 77;
	objects = {

/* Begin PBXContainerItemProxy section */
		C16E7C242CA54B1A00DA43A3 /* PBXContainerItemProxy */ = {
			isa = PBXContainerItemProxy;
			containerPortal = C16E7C0B2CA54B1900DA43A3 /* Project object */;
			proxyType = 1;
			remoteGlobalIDString = C16E7C122CA54B1900DA43A3;
			remoteInfo = Mappit;
		};
		C16E7C2E2CA54B1A00DA43A3 /* PBXContainerItemProxy */ = {
			isa = PBXContainerItemProxy;
			containerPortal = C16E7C0B2CA54B1900DA43A3 /* Project object */;
			proxyType = 1;
			remoteGlobalIDString = C16E7C122CA54B1900DA43A3;
			remoteInfo = Mappit;
		};
/* End PBXContainerItemProxy section */

/* Begin PBXFileReference section */
		C16E7C132CA54B1900DA43A3 /* Mappit.app */ = {isa = PBXFileReference; explicitFileType = wrapper.application; includeInIndex = 0; path = Mappit.app; sourceTree = BUILT_PRODUCTS_DIR; };
		C16E7C232CA54B1A00DA43A3 /* MappitTests.xctest */ = {isa = PBXFileReference; explicitFileType = wrapper.cfbundle; includeInIndex = 0; path = MappitTests.xctest; sourceTree = BUILT_PRODUCTS_DIR; };
		C16E7C2D2CA54B1A00DA43A3 /* MappitUITests.xctest */ = {isa = PBXFileReference; explicitFileType = wrapper.cfbundle; includeInIndex = 0; path = MappitUITests.xctest; sourceTree = BUILT_PRODUCTS_DIR; };
/* End PBXFileReference section */

/* Begin PBXFileSystemSynchronizedRootGroup section */
		C16E7C152CA54B1900DA43A3 /* Mappit */ = {
			isa = PBXFileSystemSynchronizedRootGroup;
			path = Mappit;
			sourceTree = "<group>";
		};
		C16E7C262CA54B1A00DA43A3 /* MappitTests */ = {
			isa = PBXFileSystemSynchronizedRootGroup;
			path = MappitTests;
			sourceTree = "<group>";
		};
		C16E7C302CA54B1A00DA43A3 /* MappitUITests */ = {
			isa = PBXFileSystemSynchronizedRootGroup;
			path = MappitUITests;
			sourceTree = "<group>";
		};
/* End PBXFileSystemSynchronizedRootGroup section */

/* Begin PBXFrameworksBuildPhase section */
		C16E7C102CA54B1900DA43A3 /* Frameworks */ = {
			isa = PBXFrameworksBuildPhase;
			buildActionMask = 2147483647;
			files = (
			);
			runOnlyForDeploymentPostprocessing = 0;
		};
		C16E7C202CA54B1A00DA43A3 /* Frameworks */ = {
			isa = PBXFrameworksBuildPhase;
			buildActionMask = 2147483647;
			files = (
			);
			runOnlyForDeploymentPostprocessing = 0;
		};
		C16E7C2A2CA54B1A00DA43A3 /* Frameworks */ = {
			isa = PBXFrameworksBuildPhase;
			buildActionMask = 2147483647;
			files = (
			);
			runOnlyForDeploymentPostprocessing = 0;
		};
/* End PBXFrameworksBuildPhase section */

/* Begin PBXGroup section */
		C16E7C0A2CA54B1900DA43A3 = {
			isa = PBXGroup;
			children = (
				C16E7C152CA54B1900DA43A3 /* Mappit */,
				C16E7C262CA54B1A00DA43A3 /* MappitTests */,
				C16E7C302CA54B1A00DA43A3 /* MappitUITests */,
				C16E7C142CA54B1900DA43A3 /* Products */,
			);
			sourceTree = "<group>";
		};
		C16E7C142CA54B1900DA43A3 /* Products */ = {
			isa = PBXGroup;
			children = (
				C16E7C132CA54B1900DA43A3 /* Mappit.app */,
				C16E7C232CA54B1A00DA43A3 /* MappitTests.xctest */,
				C16E7C2D2CA54B1A00DA43A3 /* MappitUITests.xctest */,
			);
			name = Products;
			sourceTree = "<group>";
		};
/* End PBXGroup section */

/* Begin PBXNativeTarget section */
		C16E7C122CA54B1900DA43A3 /* Mappit */ = {
			isa = PBXNativeTarget;
			buildConfigurationList = C16E7C372CA54B1A00DA43A3 /* Build configuration list for PBXNativeTarget "Mappit" */;
			buildPhases = (
				C16E7C0F2CA54B1900DA43A3 /* Sources */,
				C16E7C102CA54B1900DA43A3 /* Frameworks */,
				C16E7C112CA54B1900DA43A3 /* Resources */,
			);
			buildRules = (
			);
			dependencies = (
			);
			fileSystemSynchronizedGroups = (
				C16E7C152CA54B1900DA43A3 /* Mappit */,
			);
			name = Mappit;
			packageProductDependencies = (
			);
			productName = Mappit;
			productReference = C16E7C132CA54B1900DA43A3 /* Mappit.app */;
			productType = "com.apple.product-type.application";
		};
		C16E7C222CA54B1A00DA43A3 /* MappitTests */ = {
			isa = PBXNativeTarget;
			buildConfigurationList = C16E7C3A2CA54B1A00DA43A3 /* Build configuration list for PBXNativeTarget "MappitTests" */;
			buildPhases = (
				C16E7C1F2CA54B1A00DA43A3 /* Sources */,
				C16E7C202CA54B1A00DA43A3 /* Frameworks */,
				C16E7C212CA54B1A00DA43A3 /* Resources */,
			);
			buildRules = (
			);
			dependencies = (
				C16E7C252CA54B1A00DA43A3 /* PBXTargetDependency */,
			);
			fileSystemSynchronizedGroups = (
				C16E7C262CA54B1A00DA43A3 /* MappitTests */,
			);
			name = MappitTests;
			packageProductDependencies = (
			);
			productName = MappitTests;
			productReference = C16E7C232CA54B1A00DA43A3 /* MappitTests.xctest */;
			productType = "com.apple.product-type.bundle.unit-test";
		};
		C16E7C2C2CA54B1A00DA43A3 /* MappitUITests */ = {
			isa = PBXNativeTarget;
			buildConfigurationList = C16E7C3D2CA54B1A00DA43A3 /* Build configuration list for PBXNativeTarget "MappitUITests" */;
			buildPhases = (
				C16E7C292CA54B1A00DA43A3 /* Sources */,
				C16E7C2A2CA54B1A00DA43A3 /* Frameworks */,
				C16E7C2B2CA54B1A00DA43A3 /* Resources */,
			);
			buildRules = (
			);
			dependencies = (
				C16E7C2F2CA54B1A00DA43A3 /* PBXTargetDependency */,
			);
			fileSystemSynchronizedGroups = (
				C16E7C302CA54B1A00DA43A3 /* MappitUITests */,
			);
			name = MappitUITests;
			packageProductDependencies = (
			);
			productName = MappitUITests;
			productReference = C16E7C2D2CA54B1A00DA43A3 /* MappitUITests.xctest */;
			productType = "com.apple.product-type.bundle.ui-testing";
		};
/* End PBXNativeTarget section */

/* Begin PBXProject section */
		C16E7C0B2CA54B1900DA43A3 /* Project object */ = {
			isa = PBXProject;
			attributes = {
				BuildIndependentTargetsInParallel = 1;
				LastSwiftUpdateCheck = 1600;
				LastUpgradeCheck = 1600;
				TargetAttributes = {
					C16E7C122CA54B1900DA43A3 = {
						CreatedOnToolsVersion = 16.0;
					};
					C16E7C222CA54B1A00DA43A3 = {
						CreatedOnToolsVersion = 16.0;
						TestTargetID = C16E7C122CA54B1900DA43A3;
					};
					C16E7C2C2CA54B1A00DA43A3 = {
						CreatedOnToolsVersion = 16.0;
						TestTargetID = C16E7C122CA54B1900DA43A3;
					};
				};
			};
			buildConfigurationList = C16E7C0E2CA54B1900DA43A3 /* Build configuration list for PBXProject "Mappit" */;
			developmentRegion = en;
			hasScannedForEncodings = 0;
			knownRegions = (
				en,
				Base,
			);
			mainGroup = C16E7C0A2CA54B1900DA43A3;
			minimizedProjectReferenceProxies = 1;
			preferredProjectObjectVersion = 77;
			productRefGroup = C16E7C142CA54B1900DA43A3 /* Products */;
			projectDirPath = "";
			projectRoot = "";
			targets = (
				C16E7C122CA54B1900DA43A3 /* Mappit */,
				C16E7C222CA54B1A00DA43A3 /* MappitTests */,
				C16E7C2C2CA54B1A00DA43A3 /* MappitUITests */,
			);
		};
/* End PBXProject section */

/* Begin PBXResourcesBuildPhase section */
		C16E7C112CA54B1900DA43A3 /* Resources */ = {
			isa = PBXResourcesBuildPhase;
			buildActionMask = 2147483647;
			files = (
			);
			runOnlyForDeploymentPostprocessing = 0;
		};
		C16E7C212CA54B1A00DA43A3 /* Resources */ = {
			isa = PBXResourcesBuildPhase;
			buildActionMask = 2147483647;
			files = (
			);
			runOnlyForDeploymentPostprocessing = 0;
		};
		C16E7C2B2CA54B1A00DA43A3 /* Resources */ = {
			isa = PBXResourcesBuildPhase;
			buildActionMask = 2147483647;
			files = (
			);
			runOnlyForDeploymentPostprocessing = 0;
		};
/* End PBXResourcesBuildPhase section */

/* Begin PBXSourcesBuildPhase section */
		C16E7C0F2CA54B1900DA43A3 /* Sources */ = {
			isa = PBXSourcesBuildPhase;
			buildActionMask = 2147483647;
			files = (
			);
			runOnlyForDeploymentPostprocessing = 0;
		};
		C16E7C1F2CA54B1A00DA43A3 /* Sources */ = {
			isa = PBXSourcesBuildPhase;
			buildActionMask = 2147483647;
			files = (
			);
			runOnlyForDeploymentPostprocessing = 0;
		};
		C16E7C292CA54B1A00DA43A3 /* Sources */ = {
			isa = PBXSourcesBuildPhase;
			buildActionMask = 2147483647;
			files = (
			);
			runOnlyForDeploymentPostprocessing = 0;
		};
/* End PBXSourcesBuildPhase section */

/* Begin PBXTargetDependency section */
		C16E7C252CA54B1A00DA43A3 /* PBXTargetDependency */ = {
			isa = PBXTargetDependency;
			target = C16E7C122CA54B1900DA43A3 /* Mappit */;
			targetProxy = C16E7C242CA54B1A00DA43A3 /* PBXContainerItemProxy */;
		};
		C16E7C2F2CA54B1A00DA43A3 /* PBXTargetDependency */ = {
			isa = PBXTargetDependency;
			target = C16E7C122CA54B1900DA43A3 /* Mappit */;
			targetProxy = C16E7C2E2CA54B1A00DA43A3 /* PBXContainerItemProxy */;
		};
/* End PBXTargetDependency section */

/* Begin XCBuildConfiguration section */
		C16E7C352CA54B1A00DA43A3 /* Debug */ = {
			isa = XCBuildConfiguration;
			buildSettings = {
				ALWAYS_SEARCH_USER_PATHS = NO;
				ASSETCATALOG_COMPILER_GENERATE_SWIFT_ASSET_SYMBOL_EXTENSIONS = YES;
				CLANG_ANALYZER_NONNULL = YES;
				CLANG_ANALYZER_NUMBER_OBJECT_CONVERSION = YES_AGGRESSIVE;
				CLANG_CXX_LANGUAGE_STANDARD = "gnu++20";
				CLANG_ENABLE_MODULES = YES;
				CLANG_ENABLE_OBJC_ARC = YES;
				CLANG_ENABLE_OBJC_WEAK = YES;
				CLANG_WARN_BLOCK_CAPTURE_AUTORELEASING = YES;
				CLANG_WARN_BOOL_CONVERSION = YES;
				CLANG_WARN_COMMA = YES;
				CLANG_WARN_CONSTANT_CONVERSION = YES;
				CLANG_WARN_DEPRECATED_OBJC_IMPLEMENTATIONS = YES;
				CLANG_WARN_DIRECT_OBJC_ISA_USAGE = YES_ERROR;
				CLANG_WARN_DOCUMENTATION_COMMENTS = YES;
				CLANG_WARN_EMPTY_BODY = YES;
				CLANG_WARN_ENUM_CONVERSION = YES;
				CLANG_WARN_INFINITE_RECURSION = YES;
				CLANG_WARN_INT_CONVERSION = YES;
				CLANG_WARN_NON_LITERAL_NULL_CONVERSION = YES;
				CLANG_WARN_OBJC_IMPLICIT_RETAIN_SELF = YES;
				CLANG_WARN_OBJC_LITERAL_CONVERSION = YES;
				CLANG_WARN_OBJC_ROOT_CLASS = YES_ERROR;
				CLANG_WARN_QUOTED_INCLUDE_IN_FRAMEWORK_HEADER = YES;
				CLANG_WARN_RANGE_LOOP_ANALYSIS = YES;
				CLANG_WARN_STRICT_PROTOTYPES = YES;
				CLANG_WARN_SUSPICIOUS_MOVE = YES;
				CLANG_WARN_UNGUARDED_AVAILABILITY = YES_AGGRESSIVE;
				CLANG_WARN_UNREACHABLE_CODE = YES;
				CLANG_WARN__DUPLICATE_METHOD_MATCH = YES;
				COPY_PHASE_STRIP = NO;
				DEBUG_INFORMATION_FORMAT = dwarf;
				ENABLE_STRICT_OBJC_MSGSEND = YES;
				ENABLE_TESTABILITY = YES;
				ENABLE_USER_SCRIPT_SANDBOXING = YES;
				GCC_C_LANGUAGE_STANDARD = gnu17;
				GCC_DYNAMIC_NO_PIC = NO;
				GCC_NO_COMMON_BLOCKS = YES;
				GCC_OPTIMIZATION_LEVEL = 0;
				GCC_PREPROCESSOR_DEFINITIONS = (
					"DEBUG=1",
					"$(inherited)",
				);
				GCC_WARN_64_TO_32_BIT_CONVERSION = YES;
				GCC_WARN_ABOUT_RETURN_TYPE = YES_ERROR;
				GCC_WARN_UNDECLARED_SELECTOR = YES;
				GCC_WARN_UNINITIALIZED_AUTOS = YES_AGGRESSIVE;
				GCC_WARN_UNUSED_FUNCTION = YES;
				GCC_WARN_UNUSED_VARIABLE = YES;
				IPHONEOS_DEPLOYMENT_TARGET = 18.0;
				LOCALIZATION_PREFERS_STRING_CATALOGS = YES;
				MTL_ENABLE_DEBUG_INFO = INCLUDE_SOURCE;
				MTL_FAST_MATH = YES;
				ONLY_ACTIVE_ARCH = YES;
				SDKROOT = iphoneos;
				SWIFT_ACTIVE_COMPILATION_CONDITIONS = "DEBUG $(inherited)";
				SWIFT_OPTIMIZATION_LEVEL = "-Onone";
			};
			name = Debug;
		};
		C16E7C362CA54B1A00DA43A3 /* Release */ = {
			isa = XCBuildConfiguration;
			buildSettings = {
				ALWAYS_SEARCH_USER_PATHS = NO;
				ASSETCATALOG_COMPILER_GENERATE_SWIFT_ASSET_SYMBOL_EXTENSIONS = YES;
				CLANG_ANALYZER_NONNULL = YES;
				CLANG_ANALYZER_NUMBER_OBJECT_CONVERSION = YES_AGGRESSIVE;
				CLANG_CXX_LANGUAGE_STANDARD = "gnu++20";
				CLANG_ENABLE_MODULES = YES;
				CLANG_ENABLE_OBJC_ARC = YES;
				CLANG_ENABLE_OBJC_WEAK = YES;
				CLANG_WARN_BLOCK_CAPTURE_AUTORELEASING = YES;
				CLANG_WARN_BOOL_CONVERSION = YES;
				CLANG_WARN_COMMA = YES;
				CLANG_WARN_CONSTANT_CONVERSION = YES;
				CLANG_WARN_DEPRECATED_OBJC_IMPLEMENTATIONS = YES;
				CLANG_WARN_DIRECT_OBJC_ISA_USAGE = YES_ERROR;
				CLANG_WARN_DOCUMENTATION_COMMENTS = YES;
				CLANG_WARN_EMPTY_BODY = YES;
				CLANG_WARN_ENUM_CONVERSION = YES;
				CLANG_WARN_INFINITE_RECURSION = YES;
				CLANG_WARN_INT_CONVERSION = YES;
				CLANG_WARN_NON_LITERAL_NULL_CONVERSION = YES;
				CLANG_WARN_OBJC_IMPLICIT_RETAIN_SELF = YES;
				CLANG_WARN_OBJC_LITERAL_CONVERSION = YES;
				CLANG_WARN_OBJC_ROOT_CLASS = YES_ERROR;
				CLANG_WARN_QUOTED_INCLUDE_IN_FRAMEWORK_HEADER = YES;
				CLANG_WARN_RANGE_LOOP_ANALYSIS = YES;
				CLANG_WARN_STRICT_PROTOTYPES = YES;
				CLANG_WARN_SUSPICIOUS_MOVE = YES;
				CLANG_WARN_UNGUARDED_AVAILABILITY = YES_AGGRESSIVE;
				CLANG_WARN_UNREACHABLE_CODE = YES;
				CLANG_WARN__DUPLICATE_METHOD_MATCH = YES;
				COPY_PHASE_STRIP = NO;
				DEBUG_INFORMATION_FORMAT = "dwarf-with-dsym";
				ENABLE_NS_ASSERTIONS = NO;
				ENABLE_STRICT_OBJC_MSGSEND = YES;
				ENABLE_USER_SCRIPT_SANDBOXING = YES;
				GCC_C_LANGUAGE_STANDARD = gnu17;
				GCC_NO_COMMON_BLOCKS = YES;
				GCC_WARN_64_TO_32_BIT_CONVERSION = YES;
				GCC_WARN_ABOUT_RETURN_TYPE = YES_ERROR;
				GCC_WARN_UNDECLARED_SELECTOR = YES;
				GCC_WARN_UNINITIALIZED_AUTOS = YES_AGGRESSIVE;
				GCC_WARN_UNUSED_FUNCTION = YES;
				GCC_WARN_UNUSED_VARIABLE = YES;
				IPHONEOS_DEPLOYMENT_TARGET = 18.0;
				LOCALIZATION_PREFERS_STRING_CATALOGS = YES;
				MTL_ENABLE_DEBUG_INFO = NO;
				MTL_FAST_MATH = YES;
				SDKROOT = iphoneos;
				SWIFT_COMPILATION_MODE = wholemodule;
				VALIDATE_PRODUCT = YES;
			};
			name = Release;
		};
		C16E7C382CA54B1A00DA43A3 /* Debug */ = {
			isa = XCBuildConfiguration;
			buildSettings = {
				ASSETCATALOG_COMPILER_APPICON_NAME = AppIcon;
				ASSETCATALOG_COMPILER_GLOBAL_ACCENT_COLOR_NAME = AccentColor;
				CODE_SIGN_STYLE = Automatic;
				CURRENT_PROJECT_VERSION = 1;
				DEVELOPMENT_ASSET_PATHS = "\"Mappit/Preview Content\"";
				DEVELOPMENT_TEAM = P3X46675CB;
				ENABLE_PREVIEWS = YES;
				GENERATE_INFOPLIST_FILE = YES;
				INFOPLIST_KEY_NSLocationAlwaysUsageDescription = "We need your location to track your position even when the app is not active.";
				INFOPLIST_KEY_NSLocationWhenInUseUsageDescription = "We need your location to show your position.";
				INFOPLIST_KEY_UIApplicationSceneManifest_Generation = YES;
				INFOPLIST_KEY_UIApplicationSupportsIndirectInputEvents = YES;
				INFOPLIST_KEY_UILaunchScreen_Generation = YES;
				INFOPLIST_KEY_UISupportedInterfaceOrientations_iPad = "UIInterfaceOrientationPortrait UIInterfaceOrientationPortraitUpsideDown UIInterfaceOrientationLandscapeLeft UIInterfaceOrientationLandscapeRight";
				INFOPLIST_KEY_UISupportedInterfaceOrientations_iPhone = "UIInterfaceOrientationPortrait UIInterfaceOrientationLandscapeLeft UIInterfaceOrientationLandscapeRight";
				LD_RUNPATH_SEARCH_PATHS = (
					"$(inherited)",
					"@executable_path/Frameworks",
				);
				MARKETING_VERSION = 1.0;
				PRODUCT_BUNDLE_IDENTIFIER = devjalen.Mappit;
				PRODUCT_NAME = "$(TARGET_NAME)";
				SWIFT_EMIT_LOC_STRINGS = YES;
				SWIFT_VERSION = 5.0;
				TARGETED_DEVICE_FAMILY = "1,2";
			};
			name = Debug;
		};
		C16E7C392CA54B1A00DA43A3 /* Release */ = {
			isa = XCBuildConfiguration;
			buildSettings = {
				ASSETCATALOG_COMPILER_APPICON_NAME = AppIcon;
				ASSETCATALOG_COMPILER_GLOBAL_ACCENT_COLOR_NAME = AccentColor;
				CODE_SIGN_STYLE = Automatic;
				CURRENT_PROJECT_VERSION = 1;
				DEVELOPMENT_ASSET_PATHS = "\"Mappit/Preview Content\"";
				DEVELOPMENT_TEAM = P3X46675CB;
				ENABLE_PREVIEWS = YES;
				GENERATE_INFOPLIST_FILE = YES;
				INFOPLIST_KEY_NSLocationAlwaysUsageDescription = "We need your location to track your position even when the app is not active.";
				INFOPLIST_KEY_NSLocationWhenInUseUsageDescription = "We need your location to show your position.";
				INFOPLIST_KEY_UIApplicationSceneManifest_Generation = YES;
				INFOPLIST_KEY_UIApplicationSupportsIndirectInputEvents = YES;
				INFOPLIST_KEY_UILaunchScreen_Generation = YES;
				INFOPLIST_KEY_UISupportedInterfaceOrientations_iPad = "UIInterfaceOrientationPortrait UIInterfaceOrientationPortraitUpsideDown UIInterfaceOrientationLandscapeLeft UIInterfaceOrientationLandscapeRight";
				INFOPLIST_KEY_UISupportedInterfaceOrientations_iPhone = "UIInterfaceOrientationPortrait UIInterfaceOrientationLandscapeLeft UIInterfaceOrientationLandscapeRight";
				LD_RUNPATH_SEARCH_PATHS = (
					"$(inherited)",
					"@executable_path/Frameworks",
				);
				MARKETING_VERSION = 1.0;
				PRODUCT_BUNDLE_IDENTIFIER = devjalen.Mappit;
				PRODUCT_NAME = "$(TARGET_NAME)";
				SWIFT_EMIT_LOC_STRINGS = YES;
				SWIFT_VERSION = 5.0;
				TARGETED_DEVICE_FAMILY = "1,2";
			};
			name = Release;
		};
		C16E7C3B2CA54B1A00DA43A3 /* Debug */ = {
			isa = XCBuildConfiguration;
			buildSettings = {
				BUNDLE_LOADER = "$(TEST_HOST)";
				CODE_SIGN_STYLE = Automatic;
				CURRENT_PROJECT_VERSION = 1;
				DEVELOPMENT_TEAM = P3X46675CB;
				GENERATE_INFOPLIST_FILE = YES;
				IPHONEOS_DEPLOYMENT_TARGET = 18.0;
				MARKETING_VERSION = 1.0;
				PRODUCT_BUNDLE_IDENTIFIER = devjalen.MappitTests;
				PRODUCT_NAME = "$(TARGET_NAME)";
				SWIFT_EMIT_LOC_STRINGS = NO;
				SWIFT_VERSION = 5.0;
				TARGETED_DEVICE_FAMILY = "1,2";
				TEST_HOST = "$(BUILT_PRODUCTS_DIR)/Mappit.app/$(BUNDLE_EXECUTABLE_FOLDER_PATH)/Mappit";
			};
			name = Debug;
		};
		C16E7C3C2CA54B1A00DA43A3 /* Release */ = {
			isa = XCBuildConfiguration;
			buildSettings = {
				BUNDLE_LOADER = "$(TEST_HOST)";
				CODE_SIGN_STYLE = Automatic;
				CURRENT_PROJECT_VERSION = 1;
				DEVELOPMENT_TEAM = P3X46675CB;
				GENERATE_INFOPLIST_FILE = YES;
				IPHONEOS_DEPLOYMENT_TARGET = 18.0;
				MARKETING_VERSION = 1.0;
				PRODUCT_BUNDLE_IDENTIFIER = devjalen.MappitTests;
				PRODUCT_NAME = "$(TARGET_NAME)";
				SWIFT_EMIT_LOC_STRINGS = NO;
				SWIFT_VERSION = 5.0;
				TARGETED_DEVICE_FAMILY = "1,2";
				TEST_HOST = "$(BUILT_PRODUCTS_DIR)/Mappit.app/$(BUNDLE_EXECUTABLE_FOLDER_PATH)/Mappit";
			};
			name = Release;
		};
		C16E7C3E2CA54B1A00DA43A3 /* Debug */ = {
			isa = XCBuildConfiguration;
			buildSettings = {
				CODE_SIGN_STYLE = Automatic;
				CURRENT_PROJECT_VERSION = 1;
				DEVELOPMENT_TEAM = P3X46675CB;
				GENERATE_INFOPLIST_FILE = YES;
				MARKETING_VERSION = 1.0;
				PRODUCT_BUNDLE_IDENTIFIER = devjalen.MappitUITests;
				PRODUCT_NAME = "$(TARGET_NAME)";
				SWIFT_EMIT_LOC_STRINGS = NO;
				SWIFT_VERSION = 5.0;
				TARGETED_DEVICE_FAMILY = "1,2";
				TEST_TARGET_NAME = Mappit;
			};
			name = Debug;
		};
		C16E7C3F2CA54B1A00DA43A3 /* Release */ = {
			isa = XCBuildConfiguration;
			buildSettings = {
				CODE_SIGN_STYLE = Automatic;
				CURRENT_PROJECT_VERSION = 1;
				DEVELOPMENT_TEAM = P3X46675CB;
				GENERATE_INFOPLIST_FILE = YES;
				MARKETING_VERSION = 1.0;
				PRODUCT_BUNDLE_IDENTIFIER = devjalen.MappitUITests;
				PRODUCT_NAME = "$(TARGET_NAME)";
				SWIFT_EMIT_LOC_STRINGS = NO;
				SWIFT_VERSION = 5.0;
				TARGETED_DEVICE_FAMILY = "1,2";
				TEST_TARGET_NAME = Mappit;
			};
			name = Release;
		};
/* End XCBuildConfiguration section */

/* Begin XCConfigurationList section */
		C16E7C0E2CA54B1900DA43A3 /* Build configuration list for PBXProject "Mappit" */ = {
			isa = XCConfigurationList;
			buildConfigurations = (
				C16E7C352CA54B1A00DA43A3 /* Debug */,
				C16E7C362CA54B1A00DA43A3 /* Release */,
			);
			defaultConfigurationIsVisible = 0;
			defaultConfigurationName = Release;
		};
		C16E7C372CA54B1A00DA43A3 /* Build configuration list for PBXNativeTarget "Mappit" */ = {
			isa = XCConfigurationList;
			buildConfigurations = (
				C16E7C382CA54B1A00DA43A3 /* Debug */,
				C16E7C392CA54B1A00DA43A3 /* Release */,
			);
			defaultConfigurationIsVisible = 0;
			defaultConfigurationName = Release;
		};
		C16E7C3A2CA54B1A00DA43A3 /* Build configuration list for PBXNativeTarget "MappitTests" */ = {
			isa = XCConfigurationList;
			buildConfigurations = (
				C16E7C3B2CA54B1A00DA43A3 /* Debug */,
				C16E7C3C2CA54B1A00DA43A3 /* Release */,
			);
			defaultConfigurationIsVisible = 0;
			defaultConfigurationName = Release;
		};
		C16E7C3D2CA54B1A00DA43A3 /* Build configuration list for PBXNativeTarget "MappitUITests" */ = {
			isa = XCConfigurationList;
			buildConfigurations = (
				C16E7C3E2CA54B1A00DA43A3 /* Debug */,
				C16E7C3F2CA54B1A00DA43A3 /* Release */,
			);
			defaultConfigurationIsVisible = 0;
			defaultConfigurationName = Release;
		};
/* End XCConfigurationList section */
	};
	rootObject = C16E7C0B2CA54B1900DA43A3 /* Project object */;
}
